# THIS IS AN AUTOGENERATED FILE. DO NOT EDIT THIS FILE DIRECTLY.
# yarn lockfile v1


"@handsontable/formulajs@^2.0.2":
  version "2.0.2"
  resolved "https://registry.yarnpkg.com/@handsontable/formulajs/-/formulajs-2.0.2.tgz#5be4b9226cc47811f646ae46b1b985230cd82995"
  integrity sha512-maIyMJtYjA5e/R9nyA22Qd7Yw73MBSxClJvle0a8XWAS/5l6shc/OFpQqrmwMy4IXUCmywJ9ER0gOGz/YA720w==
  dependencies:
    bessel "^1.0.2"
    jstat "^1.9.2"

bessel@^1.0.2:
  version "1.0.2"
  resolved "https://registry.npmjs.org/bessel/-/bessel-1.0.2.tgz"
  integrity sha512-Al3nHGQGqDYqqinXhQzmwmcRToe/3WyBv4N8aZc5Pef8xw2neZlR9VPi84Sa23JtgWcucu18HxVZrnI0fn2etw==

hot-formula-parser@^4.0.0:
  version "4.0.0"
  resolved "https://registry.yarnpkg.com/hot-formula-parser/-/hot-formula-parser-4.0.0.tgz#b406bdc7ed30d855b7bcbe01d9dc2ee954c28e56"
  integrity sha512-diG1UvuQ3HxtfezVUIpvndk/bVkqZJ9Rfv10MdVF7pJEj8P2Jd4iCZSMJCN3lDhnLegaVlfSYSA6+szYNFQUKg==
  dependencies:
    "@handsontable/formulajs" "^2.0.2"
    tiny-emitter "^2.1.0"

"js-tokens@^3.0.0 || ^4.0.0":
  version "4.0.0"
  resolved "https://registry.npmjs.org/js-tokens/-/js-tokens-4.0.0.tgz"
  integrity sha512-RdJUflcE3cUzKiMqQgsCu06FPu9UdIJO0beYbPhHN4k6apgJtifcoCtT9bcxOpYBtpD2kCM6Sbzg4CausW/PKQ==

jstat@^1.9.2:
  version "1.9.3"
  resolved "https://registry.npmjs.org/jstat/-/jstat-1.9.3.tgz"
  integrity sha512-/2JL4Xv6xfhN2+AEKQGTYr1LZTmBCR/5fHxJVvb9zWNsmKZfKrl3wYYK8SD/Z8kXkf+ZSusfumLZ4wDTHrWujA==

lodash@^4.17.20:
  version "4.17.20"
  resolved "https://registry.npmjs.org/lodash/-/lodash-4.17.20.tgz"
  integrity sha512-PlhdFcillOINfeV7Ni6oF1TAEayyZBoZ8bcshTHqOYJYlrqzRK5hagpagky5o4HfCzzd1TRkXPMFq6cKk9rGmA==

loose-envify@^1.1.0:
  version "1.4.0"
  resolved "https://registry.npmjs.org/loose-envify/-/loose-envify-1.4.0.tgz"
  integrity sha512-lyuxPGr/Wfhrlem2CL/UcnUc1zcqKAImBDzukY7Y5F/yQiNdko6+fRLevlw1HgMySw7f611UIY408EtxRSoK3Q==
  dependencies:
    js-tokens "^3.0.0 || ^4.0.0"

react@^18.3.1:
  version "18.3.1"
  resolved "https://registry.npmjs.org/react/-/react-18.3.1.tgz"
  integrity sha512-wS+hAgJShR0KhEvPJArfuPVN1+Hz1t0Y6n5jLrGQbkb4urgPE/0Rve+1kMB1v/oWgHgm4WIcV+i7F2pTVj+2iQ==
  dependencies:
    loose-envify "^1.1.0"

tiny-emitter@^2.1.0:
  version "2.1.0"
  resolved "https://registry.yarnpkg.com/tiny-emitter/-/tiny-emitter-2.1.0.tgz#1d1a56edfc51c43e863cbb5382a72330e3555423"
  integrity sha512-NB6Dk1A9xgQPMoGqC5CVXn123gWyte215ONT5Pp5a0yt4nlEoO1ZWeCwpncaekPHXO60i47ihFnZPiRPjRMq4Q==
